
Microsoft Visual Studio Solution File, Format Version 12.00
# Visual Studio Version 16
VisualStudioVersion = 16.0.31624.102
MinimumVisualStudioVersion = 10.0.40219.1
Project("{FAE04EC0-301F-11D3-BF4B-00C04F79EFBC}") = "sinav_calisma", "sinav_calisma\sinav_calisma.csproj", "{9280687F-5791-4A79-B17D-F10793875754}"
EndProject
Global
	GlobalSection(SolutionConfigurationPlatforms) = preSolution
		Debug|Any CPU = Debug|Any CPU
		Release|Any CPU = Release|Any CPU
	EndGlobalSection
	GlobalSection(ProjectConfigurationPlatforms) = postSolution
		{9280687F-5791-4A79-B17D-F10793875754}.Debug|Any CPU.ActiveCfg = Debug|Any CPU
		{9280687F-5791-4A79-B17D-F10793875754}.Debug|Any CPU.Build.0 = Debug|Any CPU
		{9280687F-5791-4A79-B17D-F10793875754}.Release|Any CPU.ActiveCfg = Release|Any CPU
		{9280687F-5791-4A79-B17D-F10793875754}.Release|Any CPU.Build.0 = Release|Any CPU
	EndGlobalSection
	GlobalSection(SolutionProperties) = preSolution
		HideSolutionNode = FALSE
	EndGlobalSection
	GlobalSection(ExtensibilityGlobals) = postSolution
		SolutionGuid = {0736B26B-06A8-49A6-833F-FAD9D10BBC9C}
	EndGlobalSection
EndGlobal
